
Microsoft Visual Studio Solution File, Format Version 12.00
# Visual Studio Version 16
VisualStudioVersion = 16.0.32413.511
MinimumVisualStudioVersion = 10.0.40219.1
Project("{8BC9CEB8-8B4A-11D0-8D11-00A0C91BC942}") = "Exam_homework", "Exam_homework\Exam_homework.vcxproj", "{67146D88-7329-4CB1-8734-6546B43D3A3B}"
EndProject
Global
	GlobalSection(SolutionConfigurationPlatforms) = preSolution
		Debug|x64 = Debug|x64
		Debug|x86 = Debug|x86
		Release|x64 = Release|x64
		Release|x86 = Release|x86
	EndGlobalSection
	GlobalSection(ProjectConfigurationPlatforms) = postSolution
		{67146D88-7329-4CB1-8734-6546B43D3A3B}.Debug|x64.ActiveCfg = Debug|x64
		{67146D88-7329-4CB1-8734-6546B43D3A3B}.Debug|x64.Build.0 = Debug|x64
		{67146D88-7329-4CB1-8734-6546B43D3A3B}.Debug|x86.ActiveCfg = Debug|Win32
		{67146D88-7329-4CB1-8734-6546B43D3A3B}.Debug|x86.Build.0 = Debug|Win32
		{67146D88-7329-4CB1-8734-6546B43D3A3B}.Release|x64.ActiveCfg = Release|x64
		{67146D88-7329-4CB1-8734-6546B43D3A3B}.Release|x64.Build.0 = Release|x64
		{67146D88-7329-4CB1-8734-6546B43D3A3B}.Release|x86.ActiveCfg = Release|Win32
		{67146D88-7329-4CB1-8734-6546B43D3A3B}.Release|x86.Build.0 = Release|Win32
	EndGlobalSection
	GlobalSection(SolutionProperties) = preSolution
		HideSolutionNode = FALSE
	EndGlobalSection
	GlobalSection(ExtensibilityGlobals) = postSolution
		SolutionGuid = {8F09E03F-F5FC-4111-9693-D5494A013042}
	EndGlobalSection
EndGlobal
